
Microsoft Visual Studio Solution File, Format Version 12.00
# Visual Studio Version 17
VisualStudioVersion = 17.9.34728.123
MinimumVisualStudioVersion = 10.0.40219.1
Project("{FAE04EC0-301F-11D3-BF4B-00C04F79EFBC}") = "實作13-3", "實作13-3\實作13-3.csproj", "{798949BB-DE5B-4DB8-9459-B62CD218AFF5}"
EndProject
Global
	GlobalSection(SolutionConfigurationPlatforms) = preSolution
		Debug|Any CPU = Debug|Any CPU
		Release|Any CPU = Release|Any CPU
	EndGlobalSection
	GlobalSection(ProjectConfigurationPlatforms) = postSolution
		{798949BB-DE5B-4DB8-9459-B62CD218AFF5}.Debug|Any CPU.ActiveCfg = Debug|Any CPU
		{798949BB-DE5B-4DB8-9459-B62CD218AFF5}.Debug|Any CPU.Build.0 = Debug|Any CPU
		{798949BB-DE5B-4DB8-9459-B62CD218AFF5}.Release|Any CPU.ActiveCfg = Release|Any CPU
		{798949BB-DE5B-4DB8-9459-B62CD218AFF5}.Release|Any CPU.Build.0 = Release|Any CPU
	EndGlobalSection
	GlobalSection(SolutionProperties) = preSolution
		HideSolutionNode = FALSE
	EndGlobalSection
	GlobalSection(ExtensibilityGlobals) = postSolution
		SolutionGuid = {2F7D3183-8928-4922-895F-039E81C908CA}
	EndGlobalSection
EndGlobal
